// !$*UTF8*$!
{
	archiveVersion = 1;
	classes = {
	};
	objectVersion = 77;
	objects = {

/* Begin PBXBuildFile section */
		F75EE2B82F436EE7009908F1 /* ToolJSONBridge.mm in Sources */ = {isa = PBXBuildFile; fileRef = F75EE2732F436EE7009908F1 /* ToolJSONBridge.mm */; };
		F75EE2C12F436EE7009908F1 /* PluginMain.mm in Sources */ = {isa = PBXBuildFile; fileRef = F75EE2622F436EE7009908F1 /* PluginMain.mm */; };
		F75EE2C92F436EE7009908F1 /* ToolDescriptor.c in Sources */ = {isa = PBXBuildFile; fileRef = F75EE2632F436EE7009908F1 /* ToolDescriptor.c */; };
		F75EE2D42F436FA2009908F1 /* SamplePluginDyLib.hpp in Headers */ = {isa = PBXBuildFile; fileRef = F75EE2D32F436FA2009908F1 /* SamplePluginDyLib.hpp */; };
		F75EE2D62F436FA2009908F1 /* SamplePluginDyLibPriv.hpp in Headers */ = {isa = PBXBuildFile; fileRef = F75EE2D52F436FA2009908F1 /* SamplePluginDyLibPriv.hpp */; };
		F75EE2D82F436FA2009908F1 /* SamplePluginDyLib.cpp in Sources */ = {isa = PBXBuildFile; fileRef = F75EE2D72F436FA2009908F1 /* SamplePluginDyLib.cpp */; };
		F75EE36E2F43718D009908F1 /* PluginMain.c in Sources */ = {isa = PBXBuildFile; fileRef = F75EE2662F436EE7009908F1 /* PluginMain.c */; };
		F75EE36F2F43718D009908F1 /* ToolDescriptor.c in Sources */ = {isa = PBXBuildFile; fileRef = F75EE2672F436EE7009908F1 /* ToolDescriptor.c */; };
		F75EE3702F4371A2009908F1 /* ToolJSONBridge.mm in Sources */ = {isa = PBXBuildFile; fileRef = F75EE2732F436EE7009908F1 /* ToolJSONBridge.mm */; };
		F75EE3732F4377C5009908F1 /* ToolEntryHandler.mm in Sources */ = {isa = PBXBuildFile; fileRef = F75EE3722F4377C5009908F1 /* ToolEntryHandler.mm */; };
		F79000022FB0000000000002 /* PluginMain.mm in Sources */ = {isa = PBXBuildFile; fileRef = F79000162FB0000000000016 /* PluginMain.mm */; };
		F79000032FB0000000000003 /* ToolDescriptor.c in Sources */ = {isa = PBXBuildFile; fileRef = F79000172FB0000000000017 /* ToolDescriptor.c */; };
		F79000042FB0000000000004 /* NodeJSRuntimeHandler.mm in Sources */ = {isa = PBXBuildFile; fileRef = F79000152FB0000000000015 /* NodeJSRuntimeHandler.mm */; };
		F79100022FC0000000000002 /* PluginMain.mm in Sources */ = {isa = PBXBuildFile; fileRef = F79100162FC0000000000016 /* PluginMain.mm */; };
		F79100032FC0000000000003 /* ToolDescriptor.c in Sources */ = {isa = PBXBuildFile; fileRef = F79100172FC0000000000017 /* ToolDescriptor.c */; };
		F79100042FC0000000000004 /* PythonRuntimeHandler.mm in Sources */ = {isa = PBXBuildFile; fileRef = F79100152FC0000000000015 /* PythonRuntimeHandler.mm */; };
		F79200012FD0000000000001 /* ToolJSONBridge.mm in Sources */ = {isa = PBXBuildFile; fileRef = F75EE2732F436EE7009908F1 /* ToolJSONBridge.mm */; };
		F79200022FD0000000000002 /* libToolJSONBridge.dylib in Frameworks */ = {isa = PBXBuildFile; fileRef = F79200102FD0000000000010 /* libToolJSONBridge.dylib */; };
		F79200032FD0000000000003 /* libToolJSONBridge.dylib in Frameworks */ = {isa = PBXBuildFile; fileRef = F79200102FD0000000000010 /* libToolJSONBridge.dylib */; };
		F79DA29C2FDE610F003E58B8 /* libToolJSONBridge.dylib in Frameworks */ = {isa = PBXBuildFile; fileRef = F79200102FD0000000000010 /* libToolJSONBridge.dylib */; };
		F79DA29D2FDE610F003E58B8 /* libToolJSONBridge.dylib in Embed Libraries */ = {isa = PBXBuildFile; fileRef = F79200102FD0000000000010 /* libToolJSONBridge.dylib */; settings = {ATTRIBUTES = (CodeSignOnCopy, ); }; };
/* End PBXBuildFile section */

/* Begin PBXContainerItemProxy section */
		F75EE36C2F43716F009908F1 /* PBXContainerItemProxy */ = {
			isa = PBXContainerItemProxy;
			containerPortal = F75EE1EF2F436EAB009908F1 /* Project object */;
			proxyType = 1;
			remoteGlobalIDString = F75EE2D02F436FA2009908F1;
			remoteInfo = SamplePluginDyLib;
		};
		F79200602FD0000000000060 /* PBXContainerItemProxy */ = {
			isa = PBXContainerItemProxy;
			containerPortal = F75EE1EF2F436EAB009908F1 /* Project object */;
			proxyType = 1;
			remoteGlobalIDString = F79200402FD0000000000040;
			remoteInfo = ToolJSONBridge;
		};
		F79200612FD0000000000061 /* PBXContainerItemProxy */ = {
			isa = PBXContainerItemProxy;
			containerPortal = F75EE1EF2F436EAB009908F1 /* Project object */;
			proxyType = 1;
			remoteGlobalIDString = F79200402FD0000000000040;
			remoteInfo = ToolJSONBridge;
		};
		F79DA2992FDE60F7003E58B8 /* PBXContainerItemProxy */ = {
			isa = PBXContainerItemProxy;
			containerPortal = F75EE1EF2F436EAB009908F1 /* Project object */;
			proxyType = 1;
			remoteGlobalIDString = F79200402FD0000000000040;
			remoteInfo = ToolJSONBridge;
		};
		F79DA29E2FDE610F003E58B8 /* PBXContainerItemProxy */ = {
			isa = PBXContainerItemProxy;
			containerPortal = F75EE1EF2F436EAB009908F1 /* Project object */;
			proxyType = 1;
			remoteGlobalIDString = F79200402FD0000000000040;
			remoteInfo = ToolJSONBridge;
		};
/* End PBXContainerItemProxy section */

/* Begin PBXCopyFilesBuildPhase section */
		F79DA2A02FDE610F003E58B8 /* Embed Libraries */ = {
			isa = PBXCopyFilesBuildPhase;
			buildActionMask = 2147483647;
			dstPath = "";
			dstSubfolderSpec = 10;
			files = (
				F79DA29D2FDE610F003E58B8 /* libToolJSONBridge.dylib in Embed Libraries */,
			);
			name = "Embed Libraries";
			runOnlyForDeploymentPostprocessing = 0;
		};
/* End PBXCopyFilesBuildPhase section */

/* Begin PBXFileReference section */
		F71170DB2F7AA79A00F39DFE /* bootstrap.js */ = {isa = PBXFileReference; lastKnownFileType = sourcecode.javascript; path = bootstrap.js; sourceTree = "<group>"; };
		F71170DC2F7AA79A00F39DFE /* checkWithXcode.js */ = {isa = PBXFileReference; lastKnownFileType = sourcecode.javascript; path = checkWithXcode.js; sourceTree = "<group>"; };
		F71170DD2F7AA79A00F39DFE /* clangTools.js */ = {isa = PBXFileReference; lastKnownFileType = sourcecode.javascript; path = clangTools.js; sourceTree = "<group>"; };
		F71170DE2F7AA79A00F39DFE /* cmakeBuild.js */ = {isa = PBXFileReference; lastKnownFileType = sourcecode.javascript; path = cmakeBuild.js; sourceTree = "<group>"; };
		F71170FF2F7AA79A00F39DFE /* fsTools.js */ = {isa = PBXFileReference; lastKnownFileType = sourcecode.javascript; path = fsTools.js; sourceTree = "<group>"; };
		F71170E12F7AA79A00F39DFE /* fetchPrompt.js */ = {isa = PBXFileReference; lastKnownFileType = sourcecode.javascript; path = fetchPrompt.js; sourceTree = "<group>"; };
		F71170E22F7AA79A00F39DFE /* fetchResource.js */ = {isa = PBXFileReference; lastKnownFileType = sourcecode.javascript; path = fetchResource.js; sourceTree = "<group>"; };
		F71170EA2F7AA79A00F39DFE /* httpTools.js */ = {isa = PBXFileReference; lastKnownFileType = sourcecode.javascript; path = httpTools.js; sourceTree = "<group>"; };
		F71170EE2F7AA79A00F39DFE /* qmakeBuild.js */ = {isa = PBXFileReference; lastKnownFileType = sourcecode.javascript; path = qmakeBuild.js; sourceTree = "<group>"; };
		F71170EF2F7AA79A00F39DFE /* sharedFunctions.js */ = {isa = PBXFileReference; lastKnownFileType = sourcecode.javascript; path = sharedFunctions.js; sourceTree = "<group>"; };
		F71170F02F7AA79A00F39DFE /* shellCall.js */ = {isa = PBXFileReference; lastKnownFileType = sourcecode.javascript; path = shellCall.js; sourceTree = "<group>"; };
		F71170F12F7AA79A00F39DFE /* testCustomHeaders.js */ = {isa = PBXFileReference; lastKnownFileType = sourcecode.javascript; path = testCustomHeaders.js; sourceTree = "<group>"; };
		F71170F22F7AA79A00F39DFE /* testDifferentMethods.js */ = {isa = PBXFileReference; lastKnownFileType = sourcecode.javascript; path = testDifferentMethods.js; sourceTree = "<group>"; };
		F71170F32F7AA79A00F39DFE /* testDownload.js */ = {isa = PBXFileReference; lastKnownFileType = sourcecode.javascript; path = testDownload.js; sourceTree = "<group>"; };
		F71170F42F7AA79A00F39DFE /* testFileOps.js */ = {isa = PBXFileReference; lastKnownFileType = sourcecode.javascript; path = testFileOps.js; sourceTree = "<group>"; };
		F71170F52F7AA79A00F39DFE /* testGet.js */ = {isa = PBXFileReference; lastKnownFileType = sourcecode.javascript; path = testGet.js; sourceTree = "<group>"; };
		F71170F62F7AA79A00F39DFE /* testHttpAll.js */ = {isa = PBXFileReference; lastKnownFileType = sourcecode.javascript; path = testHttpAll.js; sourceTree = "<group>"; };
		F71170F72F7AA79A00F39DFE /* testJSON.js */ = {isa = PBXFileReference; lastKnownFileType = sourcecode.javascript; path = testJSON.js; sourceTree = "<group>"; };
		F71170F82F7AA79A00F39DFE /* testLogging.js */ = {isa = PBXFileReference; lastKnownFileType = sourcecode.javascript; path = testLogging.js; sourceTree = "<group>"; };
		F71170F92F7AA79A00F39DFE /* testPaths.js */ = {isa = PBXFileReference; lastKnownFileType = sourcecode.javascript; path = testPaths.js; sourceTree = "<group>"; };
		F71170FA2F7AA79A00F39DFE /* testPipeline.js */ = {isa = PBXFileReference; lastKnownFileType = sourcecode.javascript; path = testPipeline.js; sourceTree = "<group>"; };
		F71170FB2F7AA79A00F39DFE /* testPost.js */ = {isa = PBXFileReference; lastKnownFileType = sourcecode.javascript; path = testPost.js; sourceTree = "<group>"; };
		F71170FD2F7AA79A00F39DFE /* tool_entry.js */ = {isa = PBXFileReference; lastKnownFileType = sourcecode.javascript; path = tool_entry.js; sourceTree = "<group>"; };
		F75AC4032FAF73220008BE10 /* create_source_comments_list_of_files.json */ = {isa = PBXFileReference; lastKnownFileType = text.json; path = create_source_comments_list_of_files.json; sourceTree = "<group>"; };
		F75AC4042FAF73220008BE10 /* create_source_comments_single_dir.json */ = {isa = PBXFileReference; lastKnownFileType = text.json; path = create_source_comments_single_dir.json; sourceTree = "<group>"; };
		F75AC4052FAF73220008BE10 /* create_source_doc_singe_dir.json */ = {isa = PBXFileReference; lastKnownFileType = text.json; path = create_source_doc_singe_dir.json; sourceTree = "<group>"; };
		F75AC4072FAF73220008BE10 /* eof mcp studio home page.json */ = {isa = PBXFileReference; lastKnownFileType = text.json; path = "eof mcp studio home page.json"; sourceTree = "<group>"; };
		F75AC4082FAF73220008BE10 /* message context protocol (mcp) specification.json */ = {isa = PBXFileReference; lastKnownFileType = text.json; path = "message context protocol (mcp) specification.json"; sourceTree = "<group>"; };
		F75AC4182FAF73220008BE10 /* analyze_directory.json */ = {isa = PBXFileReference; lastKnownFileType = text.json; path = analyze_directory.json; sourceTree = "<group>"; };
		F75AC4192FAF73220008BE10 /* build_with_xcode.json */ = {isa = PBXFileReference; lastKnownFileType = text.json; path = build_with_xcode.json; sourceTree = "<group>"; };
		F75AC41A2FAF73220008BE10 /* check_with_gcc.json */ = {isa = PBXFileReference; lastKnownFileType = text.json; path = check_with_gcc.json; sourceTree = "<group>"; };
		F75AC41C2FAF73220008BE10 /* clang_check_syntax.json */ = {isa = PBXFileReference; lastKnownFileType = text.json; path = clang_check_syntax.json; sourceTree = "<group>"; };
		F75AC41D2FAF73220008BE10 /* clang_compile.json */ = {isa = PBXFileReference; lastKnownFileType = text.json; path = clang_compile.json; sourceTree = "<group>"; };
		F75AC41E2FAF73220008BE10 /* clang_make.json */ = {isa = PBXFileReference; lastKnownFileType = text.json; path = clang_make.json; sourceTree = "<group>"; };
		F75AC41F2FAF73220008BE10 /* cmake_build.json */ = {isa = PBXFileReference; lastKnownFileType = text.json; path = cmake_build.json; sourceTree = "<group>"; };
		F75AC4202FAF73220008BE10 /* create_contact.json */ = {isa = PBXFileReference; lastKnownFileType = text.json; path = create_contact.json; sourceTree = "<group>"; };
		F75AC4222FAF73220008BE10 /* create_event.json */ = {isa = PBXFileReference; lastKnownFileType = text.json; path = create_event.json; sourceTree = "<group>"; };
		F75AC4232FAF73220008BE10 /* create_reminder.json */ = {isa = PBXFileReference; lastKnownFileType = text.json; path = create_reminder.json; sourceTree = "<group>"; };
		F75AC4242FAF73220008BE10 /* delete_contact.json */ = {isa = PBXFileReference; lastKnownFileType = text.json; path = delete_contact.json; sourceTree = "<group>"; };
		F75AC4252FAF73220008BE10 /* delete_event.json */ = {isa = PBXFileReference; lastKnownFileType = text.json; path = delete_event.json; sourceTree = "<group>"; };
		F75AC4262FAF73220008BE10 /* delete_file.json */ = {isa = PBXFileReference; lastKnownFileType = text.json; path = delete_file.json; sourceTree = "<group>"; };
		F75AC4272FAF73220008BE10 /* delete_reminder.json */ = {isa = PBXFileReference; lastKnownFileType = text.json; path = delete_reminder.json; sourceTree = "<group>"; };
		F75AC42A2FAF73220008BE10 /* file_exists.json */ = {isa = PBXFileReference; lastKnownFileType = text.json; path = file_exists.json; sourceTree = "<group>"; };
		F75AC42B2FAF73220008BE10 /* gcc_settings.json */ = {isa = PBXFileReference; lastKnownFileType = text.json; path = gcc_settings.json; sourceTree = "<group>"; };
		F75AC42C2FAF73220008BE10 /* get_documents_path.json */ = {isa = PBXFileReference; lastKnownFileType = text.json; path = get_documents_path.json; sourceTree = "<group>"; };
		F75AC42D2FAF73220008BE10 /* get_gcc_info.json */ = {isa = PBXFileReference; lastKnownFileType = text.json; path = get_gcc_info.json; sourceTree = "<group>"; };
		F75AC42E2FAF73220008BE10 /* get_temp_path.json */ = {isa = PBXFileReference; lastKnownFileType = text.json; path = get_temp_path.json; sourceTree = "<group>"; };
		F75AC42F2FAF73220008BE10 /* http_download.json */ = {isa = PBXFileReference; lastKnownFileType = text.json; path = http_download.json; sourceTree = "<group>"; };
		F75AC4302FAF73220008BE10 /* http_get_data.json */ = {isa = PBXFileReference; lastKnownFileType = text.json; path = http_get_data.json; sourceTree = "<group>"; };
		F75AC4312FAF73220008BE10 /* http_post_data.json */ = {isa = PBXFileReference; lastKnownFileType = text.json; path = http_post_data.json; sourceTree = "<group>"; };
		F75AC4332FAF73220008BE10 /* list_calendars.json */ = {isa = PBXFileReference; lastKnownFileType = text.json; path = list_calendars.json; sourceTree = "<group>"; };
		F75AC4342FAF73220008BE10 /* list_contacts.json */ = {isa = PBXFileReference; lastKnownFileType = text.json; path = list_contacts.json; sourceTree = "<group>"; };
		F75AC4362FAF73220008BE10 /* list_events.json */ = {isa = PBXFileReference; lastKnownFileType = text.json; path = list_events.json; sourceTree = "<group>"; };
		F75AC4372FAF73220008BE10 /* list_files.json */ = {isa = PBXFileReference; lastKnownFileType = text.json; path = list_files.json; sourceTree = "<group>"; };
		F75AC4382FAF73220008BE10 /* list_reminder_lists.json */ = {isa = PBXFileReference; lastKnownFileType = text.json; path = list_reminder_lists.json; sourceTree = "<group>"; };
		F75AC4392FAF73220008BE10 /* list_reminders.json */ = {isa = PBXFileReference; lastKnownFileType = text.json; path = list_reminders.json; sourceTree = "<group>"; };
		F75AC43B2FAF73220008BE10 /* mkdir.json */ = {isa = PBXFileReference; lastKnownFileType = text.json; path = mkdir.json; sourceTree = "<group>"; };
		F75AC43D2FAF73220008BE10 /* qmake_build.json */ = {isa = PBXFileReference; lastKnownFileType = text.json; path = qmake_build.json; sourceTree = "<group>"; };
		F75AC43E2FAF73220008BE10 /* read_file.json */ = {isa = PBXFileReference; lastKnownFileType = text.json; path = read_file.json; sourceTree = "<group>"; };
		F75AC4412FAF73220008BE10 /* scrape_web_page.json */ = {isa = PBXFileReference; lastKnownFileType = text.json; path = scrape_web_page.json; sourceTree = "<group>"; };
		F75AC4422FAF73220008BE10 /* shell_call.json */ = {isa = PBXFileReference; lastKnownFileType = text.json; path = shell_call.json; sourceTree = "<group>"; };
		F75AC4432FAF73220008BE10 /* skill_execute.json */ = {isa = PBXFileReference; lastKnownFileType = text.json; path = skill_execute.json; sourceTree = "<group>"; };
		F75AC4442FAF73220008BE10 /* update_contact.json */ = {isa = PBXFileReference; lastKnownFileType = text.json; path = update_contact.json; sourceTree = "<group>"; };
		F75AC4452FAF73220008BE10 /* update_event.json */ = {isa = PBXFileReference; lastKnownFileType = text.json; path = update_event.json; sourceTree = "<group>"; };
		F75AC4462FAF73220008BE10 /* update_reminder.json */ = {isa = PBXFileReference; lastKnownFileType = text.json; path = update_reminder.json; sourceTree = "<group>"; };
		F75AC4472FAF73220008BE10 /* write_file.json */ = {isa = PBXFileReference; lastKnownFileType = text.json; path = write_file.json; sourceTree = "<group>"; };
		F75EE1F72F436EAB009908F1 /* SamplePluginBundle.plugin */ = {isa = PBXFileReference; explicitFileType = wrapper.cfbundle; includeInIndex = 0; path = SamplePluginBundle.plugin; sourceTree = BUILT_PRODUCTS_DIR; };
		F75EE1FE2F436EE7009908F1 /* CustomToolExports.h */ = {isa = PBXFileReference; lastKnownFileType = sourcecode.c.h; path = CustomToolExports.h; sourceTree = "<group>"; };
		F75EE1FF2F436EE7009908F1 /* ToolABI.h */ = {isa = PBXFileReference; lastKnownFileType = sourcecode.c.h; path = ToolABI.h; sourceTree = "<group>"; };
		F75EE2002F436EE7009908F1 /* ToolLogging.h */ = {isa = PBXFileReference; lastKnownFileType = sourcecode.c.h; path = ToolLogging.h; sourceTree = "<group>"; };
		F75EE2022F436EE7009908F1 /* LICENSE */ = {isa = PBXFileReference; lastKnownFileType = text; path = LICENSE; sourceTree = "<group>"; };
		F75EE2032F436EE7009908F1 /* README.md */ = {isa = PBXFileReference; lastKnownFileType = net.daringfireball.markdown; path = README.md; sourceTree = "<group>"; };
		F75EE2042F436EE7009908F1 /* README-MCPServer.md */ = {isa = PBXFileReference; lastKnownFileType = net.daringfireball.markdown; path = "README-MCPServer.md"; sourceTree = "<group>"; };
		F75EE2062F436EE7009908F1 /* README-SamplePlugin.md */ = {isa = PBXFileReference; lastKnownFileType = net.daringfireball.markdown; path = "README-SamplePlugin.md"; sourceTree = "<group>"; };
		F75EE2072F436EE7009908F1 /* README-Scripting.md */ = {isa = PBXFileReference; lastKnownFileType = net.daringfireball.markdown; path = "README-Scripting.md"; sourceTree = "<group>"; };
		F75EE2612F436EE7009908F1 /* CMakeLists.txt */ = {isa = PBXFileReference; lastKnownFileType = text; path = CMakeLists.txt; sourceTree = "<group>"; };
		F75EE2622F436EE7009908F1 /* PluginMain.mm */ = {isa = PBXFileReference; lastKnownFileType = sourcecode.cpp.objcpp; path = PluginMain.mm; sourceTree = "<group>"; };
		F75EE2632F436EE7009908F1 /* ToolDescriptor.c */ = {isa = PBXFileReference; lastKnownFileType = sourcecode.c.c; path = ToolDescriptor.c; sourceTree = "<group>"; };
		F75EE2652F436EE7009908F1 /* CMakeLists.txt */ = {isa = PBXFileReference; lastKnownFileType = text; path = CMakeLists.txt; sourceTree = "<group>"; };
		F75EE2662F436EE7009908F1 /* PluginMain.c */ = {isa = PBXFileReference; lastKnownFileType = sourcecode.c.c; path = PluginMain.c; sourceTree = "<group>"; };
		F75EE2672F436EE7009908F1 /* ToolDescriptor.c */ = {isa = PBXFileReference; lastKnownFileType = sourcecode.c.c; path = ToolDescriptor.c; sourceTree = "<group>"; };
		F75EE2692F436EE7009908F1 /* CMakeLists.txt */ = {isa = PBXFileReference; lastKnownFileType = text; path = CMakeLists.txt; sourceTree = "<group>"; };
		F75EE26A2F436EE7009908F1 /* ToolCapabilities.json */ = {isa = PBXFileReference; lastKnownFileType = text.json; path = ToolCapabilities.json; sourceTree = "<group>"; };
		F75EE2722F436EE7009908F1 /* ToolJSONBridge.h */ = {isa = PBXFileReference; lastKnownFileType = sourcecode.c.h; path = ToolJSONBridge.h; sourceTree = "<group>"; };
		F75EE2732F436EE7009908F1 /* ToolJSONBridge.mm */ = {isa = PBXFileReference; lastKnownFileType = sourcecode.cpp.objcpp; path = ToolJSONBridge.mm; sourceTree = "<group>"; };
		F75EE2D12F436FA2009908F1 /* libSamplePluginDyLib.dylib */ = {isa = PBXFileReference; explicitFileType = "compiled.mach-o.dylib"; includeInIndex = 0; path = libSamplePluginDyLib.dylib; sourceTree = BUILT_PRODUCTS_DIR; };
		F75EE2D32F436FA2009908F1 /* SamplePluginDyLib.hpp */ = {isa = PBXFileReference; lastKnownFileType = sourcecode.cpp.h; path = SamplePluginDyLib.hpp; sourceTree = "<group>"; };
		F75EE2D52F436FA2009908F1 /* SamplePluginDyLibPriv.hpp */ = {isa = PBXFileReference; lastKnownFileType = sourcecode.cpp.h; path = SamplePluginDyLibPriv.hpp; sourceTree = "<group>"; };
		F75EE2D72F436FA2009908F1 /* SamplePluginDyLib.cpp */ = {isa = PBXFileReference; lastKnownFileType = sourcecode.cpp.cpp; path = SamplePluginDyLib.cpp; sourceTree = "<group>"; };
		F75EE3712F4377C5009908F1 /* ToolEntryHandler.h */ = {isa = PBXFileReference; lastKnownFileType = sourcecode.c.h; path = ToolEntryHandler.h; sourceTree = "<group>"; };
		F75EE3722F4377C5009908F1 /* ToolEntryHandler.mm */ = {isa = PBXFileReference; lastKnownFileType = sourcecode.cpp.objcpp; path = ToolEntryHandler.mm; sourceTree = "<group>"; };
		F79000102FB0000000000010 /* NodeJSRuntimeTool.bundle */ = {isa = PBXFileReference; explicitFileType = wrapper.cfbundle; includeInIndex = 0; path = NodeJSRuntimeTool.bundle; sourceTree = BUILT_PRODUCTS_DIR; };
		F79000112FB0000000000011 /* CMakeLists.txt */ = {isa = PBXFileReference; lastKnownFileType = text; path = CMakeLists.txt; sourceTree = "<group>"; };
		F79000122FB0000000000012 /* README.md */ = {isa = PBXFileReference; lastKnownFileType = net.daringfireball.markdown; path = README.md; sourceTree = "<group>"; };
		F79000132FB0000000000013 /* CMakeLists.txt */ = {isa = PBXFileReference; lastKnownFileType = text; path = CMakeLists.txt; sourceTree = "<group>"; };
		F79000142FB0000000000014 /* NodeJSRuntimeHandler.h */ = {isa = PBXFileReference; lastKnownFileType = sourcecode.c.h; path = NodeJSRuntimeHandler.h; sourceTree = "<group>"; };
		F79000152FB0000000000015 /* NodeJSRuntimeHandler.mm */ = {isa = PBXFileReference; lastKnownFileType = sourcecode.cpp.objcpp; path = NodeJSRuntimeHandler.mm; sourceTree = "<group>"; };
		F79000162FB0000000000016 /* PluginMain.mm */ = {isa = PBXFileReference; lastKnownFileType = sourcecode.cpp.objcpp; path = PluginMain.mm; sourceTree = "<group>"; };
		F79000172FB0000000000017 /* ToolDescriptor.c */ = {isa = PBXFileReference; lastKnownFileType = sourcecode.c.c; path = ToolDescriptor.c; sourceTree = "<group>"; };
		F79000182FB0000000000018 /* echo_tool.js */ = {isa = PBXFileReference; lastKnownFileType = sourcecode.javascript; path = echo_tool.js; sourceTree = "<group>"; };
		F79000192FB0000000000019 /* node_stdlib_tool.js */ = {isa = PBXFileReference; lastKnownFileType = sourcecode.javascript; path = node_stdlib_tool.js; sourceTree = "<group>"; };
		F79100102FC0000000000010 /* PythonRuntimeTool.bundle */ = {isa = PBXFileReference; explicitFileType = wrapper.cfbundle; includeInIndex = 0; path = PythonRuntimeTool.bundle; sourceTree = BUILT_PRODUCTS_DIR; };
		F79100112FC0000000000011 /* CMakeLists.txt */ = {isa = PBXFileReference; lastKnownFileType = text; path = CMakeLists.txt; sourceTree = "<group>"; };
		F79100122FC0000000000012 /* README.md */ = {isa = PBXFileReference; lastKnownFileType = net.daringfireball.markdown; path = README.md; sourceTree = "<group>"; };
		F79100132FC0000000000013 /* CMakeLists.txt */ = {isa = PBXFileReference; lastKnownFileType = text; path = CMakeLists.txt; sourceTree = "<group>"; };
		F79100142FC0000000000014 /* PythonRuntimeHandler.h */ = {isa = PBXFileReference; lastKnownFileType = sourcecode.c.h; path = PythonRuntimeHandler.h; sourceTree = "<group>"; };
		F79100152FC0000000000015 /* PythonRuntimeHandler.mm */ = {isa = PBXFileReference; lastKnownFileType = sourcecode.cpp.objcpp; path = PythonRuntimeHandler.mm; sourceTree = "<group>"; };
		F79100162FC0000000000016 /* PluginMain.mm */ = {isa = PBXFileReference; lastKnownFileType = sourcecode.cpp.objcpp; path = PluginMain.mm; sourceTree = "<group>"; };
		F79100172FC0000000000017 /* ToolDescriptor.c */ = {isa = PBXFileReference; lastKnownFileType = sourcecode.c.c; path = ToolDescriptor.c; sourceTree = "<group>"; };
		F79100182FC0000000000018 /* echo_tool.py */ = {isa = PBXFileReference; lastKnownFileType = text.script.python; path = echo_tool.py; sourceTree = "<group>"; };
		F79100192FC0000000000019 /* python_stdlib_tool.py */ = {isa = PBXFileReference; lastKnownFileType = text.script.python; path = python_stdlib_tool.py; sourceTree = "<group>"; };
		F791001B2FC000000000001B /* python_runtime.json */ = {isa = PBXFileReference; lastKnownFileType = text.json; path = python_runtime.json; sourceTree = "<group>"; };
		F79200102FD0000000000010 /* libToolJSONBridge.dylib */ = {isa = PBXFileReference; explicitFileType = "compiled.mach-o.dylib"; includeInIndex = 0; path = libToolJSONBridge.dylib; sourceTree = BUILT_PRODUCTS_DIR; };
		F79D9FD62FDE5A56003E58B8 /* ast-grep-rule-generator.json */ = {isa = PBXFileReference; lastKnownFileType = text.json; path = "ast-grep-rule-generator.json"; sourceTree = "<group>"; };
		F79D9FD72FDE5A56003E58B8 /* build-run-debug-xcode.json */ = {isa = PBXFileReference; lastKnownFileType = text.json; path = "build-run-debug-xcode.json"; sourceTree = "<group>"; };
		F79D9FD82FDE5A56003E58B8 /* clang-syntax-check.json */ = {isa = PBXFileReference; lastKnownFileType = text.json; path = "clang-syntax-check.json"; sourceTree = "<group>"; };
		F79D9FD92FDE5A56003E58B8 /* cmake-standard-config.json */ = {isa = PBXFileReference; lastKnownFileType = text.json; path = "cmake-standard-config.json"; sourceTree = "<group>"; };
		F79D9FDB2FDE5A56003E58B8 /* frontend-design.json */ = {isa = PBXFileReference; lastKnownFileType = text.json; path = "frontend-design.json"; sourceTree = "<group>"; };
		F79D9FDC2FDE5A56003E58B8 /* macos-app-telemetry.json */ = {isa = PBXFileReference; lastKnownFileType = text.json; path = "macos-app-telemetry.json"; sourceTree = "<group>"; };
		F79D9FDD2FDE5A56003E58B8 /* macos-appkit-interop.json */ = {isa = PBXFileReference; lastKnownFileType = text.json; path = "macos-appkit-interop.json"; sourceTree = "<group>"; };
		F79D9FDE2FDE5A56003E58B8 /* macos-packaging-notarization.json */ = {isa = PBXFileReference; lastKnownFileType = text.json; path = "macos-packaging-notarization.json"; sourceTree = "<group>"; };
		F79D9FDF2FDE5A56003E58B8 /* macos-signing-entitlements.json */ = {isa = PBXFileReference; lastKnownFileType = text.json; path = "macos-signing-entitlements.json"; sourceTree = "<group>"; };
		F79D9FE02FDE5A56003E58B8 /* macos-window-management.json */ = {isa = PBXFileReference; lastKnownFileType = text.json; path = "macos-window-management.json"; sourceTree = "<group>"; };
		F79D9FE12FDE5A56003E58B8 /* make-standard-build.json */ = {isa = PBXFileReference; lastKnownFileType = text.json; path = "make-standard-build.json"; sourceTree = "<group>"; };
		F79D9FE32FDE5A56003E58B8 /* nodejs-runtime-resource-access.json */ = {isa = PBXFileReference; lastKnownFileType = text.json; path = "nodejs-runtime-resource-access.json"; sourceTree = "<group>"; };
		F79D9FE42FDE5A56003E58B8 /* python-runtime-resource-access.json */ = {isa = PBXFileReference; lastKnownFileType = text.json; path = "python-runtime-resource-access.json"; sourceTree = "<group>"; };
		F79D9FE52FDE5A56003E58B8 /* qt-make-build.json */ = {isa = PBXFileReference; lastKnownFileType = text.json; path = "qt-make-build.json"; sourceTree = "<group>"; };
		F79D9FE62FDE5A56003E58B8 /* qt-qmake-create-gui-app-test-build.json */ = {isa = PBXFileReference; lastKnownFileType = text.json; path = "qt-qmake-create-gui-app-test-build.json"; sourceTree = "<group>"; };
		F79D9FE72FDE5A56003E58B8 /* qt-qmake-generate-makefile.json */ = {isa = PBXFileReference; lastKnownFileType = text.json; path = "qt-qmake-generate-makefile.json"; sourceTree = "<group>"; };
		F79D9FE82FDE5A56003E58B8 /* review_code_in_specified_directory.json */ = {isa = PBXFileReference; lastKnownFileType = text.json; path = review_code_in_specified_directory.json; sourceTree = "<group>"; };
		F79D9FE92FDE5A56003E58B8 /* review_code_in_specified_file_list.json */ = {isa = PBXFileReference; lastKnownFileType = text.json; path = review_code_in_specified_file_list.json; sourceTree = "<group>"; };
		F79D9FEA2FDE5A56003E58B8 /* swift-syntax-check.json */ = {isa = PBXFileReference; lastKnownFileType = text.json; path = "swift-syntax-check.json"; sourceTree = "<group>"; };
		F79D9FEB2FDE5A56003E58B8 /* swiftpm-macos.json */ = {isa = PBXFileReference; lastKnownFileType = text.json; path = "swiftpm-macos.json"; sourceTree = "<group>"; };
		F79D9FEC2FDE5A56003E58B8 /* swiftui-patterns-ios.json */ = {isa = PBXFileReference; lastKnownFileType = text.json; path = "swiftui-patterns-ios.json"; sourceTree = "<group>"; };
		F79D9FED2FDE5A56003E58B8 /* swiftui-patterns-macos.json */ = {isa = PBXFileReference; lastKnownFileType = text.json; path = "swiftui-patterns-macos.json"; sourceTree = "<group>"; };
		F79D9FEE2FDE5A56003E58B8 /* swiftui-view-refactor-macos.json */ = {isa = PBXFileReference; lastKnownFileType = text.json; path = "swiftui-view-refactor-macos.json"; sourceTree = "<group>"; };
		F79D9FEF2FDE5A56003E58B8 /* xcodebuild-full-debug-project-build.json */ = {isa = PBXFileReference; lastKnownFileType = text.json; path = "xcodebuild-full-debug-project-build.json"; sourceTree = "<group>"; };
		F79D9FF02FDE5A56003E58B8 /* xcodebuild-full-release-project-build.json */ = {isa = PBXFileReference; lastKnownFileType = text.json; path = "xcodebuild-full-release-project-build.json"; sourceTree = "<group>"; };
		F79D9FF12FDE5A56003E58B8 /* xcodebuild-scheme-debug-build.json */ = {isa = PBXFileReference; lastKnownFileType = text.json; path = "xcodebuild-scheme-debug-build.json"; sourceTree = "<group>"; };
		F79D9FF22FDE5A56003E58B8 /* xcodebuild-scheme-release-build.json */ = {isa = PBXFileReference; lastKnownFileType = text.json; path = "xcodebuild-scheme-release-build.json"; sourceTree = "<group>"; };
/* End PBXFileReference section */

/* Begin PBXFrameworksBuildPhase section */
		F75EE1F42F436EAB009908F1 /* Frameworks */ = {
			isa = PBXFrameworksBuildPhase;
			buildActionMask = 2147483647;
			files = (
				F79DA29C2FDE610F003E58B8 /* libToolJSONBridge.dylib in Frameworks */,
			);
			runOnlyForDeploymentPostprocessing = 0;
		};
		F75EE2CF2F436FA2009908F1 /* Frameworks */ = {
			isa = PBXFrameworksBuildPhase;
			buildActionMask = 2147483647;
			files = (
			);
			runOnlyForDeploymentPostprocessing = 0;
		};
		F79000312FB0000000000031 /* Frameworks */ = {
			isa = PBXFrameworksBuildPhase;
			buildActionMask = 2147483647;
			files = (
				F79200022FD0000000000002 /* libToolJSONBridge.dylib in Frameworks */,
			);
			runOnlyForDeploymentPostprocessing = 0;
		};
		F79100312FC0000000000031 /* Frameworks */ = {
			isa = PBXFrameworksBuildPhase;
			buildActionMask = 2147483647;
			files = (
				F79200032FD0000000000003 /* libToolJSONBridge.dylib in Frameworks */,
			);
			runOnlyForDeploymentPostprocessing = 0;
		};
		F79200312FD0000000000031 /* Frameworks */ = {
			isa = PBXFrameworksBuildPhase;
			buildActionMask = 2147483647;
			files = (
			);
			runOnlyForDeploymentPostprocessing = 0;
		};
/* End PBXFrameworksBuildPhase section */

/* Begin PBXGroup section */
		F71170FC2F7AA79A00F39DFE /* test-scripts */ = {
			isa = PBXGroup;
			children = (
				F71170F12F7AA79A00F39DFE /* testCustomHeaders.js */,
				F71170F22F7AA79A00F39DFE /* testDifferentMethods.js */,
				F71170F32F7AA79A00F39DFE /* testDownload.js */,
				F71170F42F7AA79A00F39DFE /* testFileOps.js */,
				F71170F52F7AA79A00F39DFE /* testGet.js */,
				F71170F62F7AA79A00F39DFE /* testHttpAll.js */,
				F71170F72F7AA79A00F39DFE /* testJSON.js */,
				F71170F82F7AA79A00F39DFE /* testLogging.js */,
				F71170F92F7AA79A00F39DFE /* testPaths.js */,
				F71170FA2F7AA79A00F39DFE /* testPipeline.js */,
				F71170FB2F7AA79A00F39DFE /* testPost.js */,
			);
			path = "test-scripts";
			sourceTree = "<group>";
		};
		F75AC4062FAF73220008BE10 /* Prompts */ = {
			isa = PBXGroup;
			children = (
				F75AC4032FAF73220008BE10 /* create_source_comments_list_of_files.json */,
				F75AC4042FAF73220008BE10 /* create_source_comments_single_dir.json */,
				F75AC4052FAF73220008BE10 /* create_source_doc_singe_dir.json */,
			);
			path = Prompts;
			sourceTree = "<group>";
		};
		F75AC4092FAF73220008BE10 /* Resources */ = {
			isa = PBXGroup;
			children = (
				F75AC4072FAF73220008BE10 /* eof mcp studio home page.json */,
				F75AC4082FAF73220008BE10 /* message context protocol (mcp) specification.json */,
			);
			path = Resources;
			sourceTree = "<group>";
		};
		F75AC4172FAF73220008BE10 /* Skills */ = {
			isa = PBXGroup;
			children = (
				F79D9FD62FDE5A56003E58B8 /* ast-grep-rule-generator.json */,
				F79D9FD72FDE5A56003E58B8 /* build-run-debug-xcode.json */,
				F79D9FD82FDE5A56003E58B8 /* clang-syntax-check.json */,
				F79D9FD92FDE5A56003E58B8 /* cmake-standard-config.json */,
				F79D9FDB2FDE5A56003E58B8 /* frontend-design.json */,
				F79D9FDC2FDE5A56003E58B8 /* macos-app-telemetry.json */,
				F79D9FDD2FDE5A56003E58B8 /* macos-appkit-interop.json */,
				F79D9FDE2FDE5A56003E58B8 /* macos-packaging-notarization.json */,
				F79D9FDF2FDE5A56003E58B8 /* macos-signing-entitlements.json */,
				F79D9FE02FDE5A56003E58B8 /* macos-window-management.json */,
				F79D9FE12FDE5A56003E58B8 /* make-standard-build.json */,
				F79D9FE32FDE5A56003E58B8 /* nodejs-runtime-resource-access.json */,
				F79D9FE42FDE5A56003E58B8 /* python-runtime-resource-access.json */,
				F79D9FE52FDE5A56003E58B8 /* qt-make-build.json */,
				F79D9FE62FDE5A56003E58B8 /* qt-qmake-create-gui-app-test-build.json */,
				F79D9FE72FDE5A56003E58B8 /* qt-qmake-generate-makefile.json */,
				F79D9FE82FDE5A56003E58B8 /* review_code_in_specified_directory.json */,
				F79D9FE92FDE5A56003E58B8 /* review_code_in_specified_file_list.json */,
				F79D9FEA2FDE5A56003E58B8 /* swift-syntax-check.json */,
				F79D9FEB2FDE5A56003E58B8 /* swiftpm-macos.json */,
				F79D9FEC2FDE5A56003E58B8 /* swiftui-patterns-ios.json */,
				F79D9FED2FDE5A56003E58B8 /* swiftui-patterns-macos.json */,
				F79D9FEE2FDE5A56003E58B8 /* swiftui-view-refactor-macos.json */,
				F79D9FEF2FDE5A56003E58B8 /* xcodebuild-full-debug-project-build.json */,
				F79D9FF02FDE5A56003E58B8 /* xcodebuild-full-release-project-build.json */,
				F79D9FF12FDE5A56003E58B8 /* xcodebuild-scheme-debug-build.json */,
				F79D9FF22FDE5A56003E58B8 /* xcodebuild-scheme-release-build.json */,
			);
			path = Skills;
			sourceTree = "<group>";
		};
		F75AC4482FAF73220008BE10 /* Tools */ = {
			isa = PBXGroup;
			children = (
				F75AC4182FAF73220008BE10 /* analyze_directory.json */,
				F75AC4192FAF73220008BE10 /* build_with_xcode.json */,
				F75AC41A2FAF73220008BE10 /* check_with_gcc.json */,
				F75AC41C2FAF73220008BE10 /* clang_check_syntax.json */,
				F75AC41D2FAF73220008BE10 /* clang_compile.json */,
				F75AC41E2FAF73220008BE10 /* clang_make.json */,
				F75AC41F2FAF73220008BE10 /* cmake_build.json */,
				F75AC4202FAF73220008BE10 /* create_contact.json */,
				F75AC4222FAF73220008BE10 /* create_event.json */,
				F75AC4232FAF73220008BE10 /* create_reminder.json */,
				F75AC4242FAF73220008BE10 /* delete_contact.json */,
				F75AC4252FAF73220008BE10 /* delete_event.json */,
				F75AC4262FAF73220008BE10 /* delete_file.json */,
				F75AC4272FAF73220008BE10 /* delete_reminder.json */,
				F75AC42A2FAF73220008BE10 /* file_exists.json */,
				F75AC42B2FAF73220008BE10 /* gcc_settings.json */,
				F75AC42C2FAF73220008BE10 /* get_documents_path.json */,
				F75AC42D2FAF73220008BE10 /* get_gcc_info.json */,
				F75AC42E2FAF73220008BE10 /* get_temp_path.json */,
				F75AC42F2FAF73220008BE10 /* http_download.json */,
				F75AC4302FAF73220008BE10 /* http_get_data.json */,
				F75AC4312FAF73220008BE10 /* http_post_data.json */,
				F75AC4332FAF73220008BE10 /* list_calendars.json */,
				F75AC4342FAF73220008BE10 /* list_contacts.json */,
				F75AC4362FAF73220008BE10 /* list_events.json */,
				F75AC4372FAF73220008BE10 /* list_files.json */,
				F75AC4382FAF73220008BE10 /* list_reminder_lists.json */,
				F75AC4392FAF73220008BE10 /* list_reminders.json */,
				F75AC43B2FAF73220008BE10 /* mkdir.json */,
				F791001B2FC000000000001B /* python_runtime.json */,
				F75AC43D2FAF73220008BE10 /* qmake_build.json */,
				F75AC43E2FAF73220008BE10 /* read_file.json */,
				F75AC4412FAF73220008BE10 /* scrape_web_page.json */,
				F75AC4422FAF73220008BE10 /* shell_call.json */,
				F75AC4432FAF73220008BE10 /* skill_execute.json */,
				F75AC4442FAF73220008BE10 /* update_contact.json */,
				F75AC4452FAF73220008BE10 /* update_event.json */,
				F75AC4462FAF73220008BE10 /* update_reminder.json */,
				F75AC4472FAF73220008BE10 /* write_file.json */,
			);
			path = Tools;
			sourceTree = "<group>";
		};
		F75AC4492FAF73220008BE10 /* config */ = {
			isa = PBXGroup;
			children = (
				F75AC4062FAF73220008BE10 /* Prompts */,
				F75AC4092FAF73220008BE10 /* Resources */,
				F75AC4172FAF73220008BE10 /* Skills */,
				F75AC4482FAF73220008BE10 /* Tools */,
			);
			path = config;
			sourceTree = "<group>";
		};
		F75EE1EE2F436EAB009908F1 = {
			isa = PBXGroup;
			children = (
				F75AC4492FAF73220008BE10 /* config */,
				F75EE2712F436EE7009908F1 /* Scripts */,
				F75EE2012F436EE7009908F1 /* include */,
				F79000202FB0000000000020 /* NodeJSRuntimePlugin */,
				F79100202FC0000000000020 /* PythonRuntimePlugin */,
				F75EE2742F436EE7009908F1 /* ToolJSONBridge */,
				F75EE26B2F436EE7009908F1 /* SamplePlugin */,
				F75EE2022F436EE7009908F1 /* LICENSE */,
				F75EE2032F436EE7009908F1 /* README.md */,
				F75EE2042F436EE7009908F1 /* README-MCPServer.md */,
				F75EE2062F436EE7009908F1 /* README-SamplePlugin.md */,
				F75EE2072F436EE7009908F1 /* README-Scripting.md */,
				F79DA29B2FDE610F003E58B8 /* Frameworks */,
				F75EE1F82F436EAB009908F1 /* Products */,
			);
			sourceTree = "<group>";
		};
		F75EE1F82F436EAB009908F1 /* Products */ = {
			isa = PBXGroup;
			children = (
				F79200102FD0000000000010 /* libToolJSONBridge.dylib */,
				F79000102FB0000000000010 /* NodeJSRuntimeTool.bundle */,
				F79100102FC0000000000010 /* PythonRuntimeTool.bundle */,
				F75EE1F72F436EAB009908F1 /* SamplePluginBundle.plugin */,
				F75EE2D12F436FA2009908F1 /* libSamplePluginDyLib.dylib */,
			);
			name = Products;
			sourceTree = "<group>";
		};
		F75EE2012F436EE7009908F1 /* include */ = {
			isa = PBXGroup;
			children = (
				F75EE1FE2F436EE7009908F1 /* CustomToolExports.h */,
				F75EE1FF2F436EE7009908F1 /* ToolABI.h */,
				F75EE2002F436EE7009908F1 /* ToolLogging.h */,
			);
			path = include;
			sourceTree = "<group>";
		};
		F75EE2642F436EE7009908F1 /* bundle */ = {
			isa = PBXGroup;
			children = (
				F75EE2612F436EE7009908F1 /* CMakeLists.txt */,
				F75EE2622F436EE7009908F1 /* PluginMain.mm */,
				F75EE2632F436EE7009908F1 /* ToolDescriptor.c */,
				F75EE3712F4377C5009908F1 /* ToolEntryHandler.h */,
				F75EE3722F4377C5009908F1 /* ToolEntryHandler.mm */,
			);
			path = bundle;
			sourceTree = "<group>";
		};
		F75EE2682F436EE7009908F1 /* dylib */ = {
			isa = PBXGroup;
			children = (
				F75EE2652F436EE7009908F1 /* CMakeLists.txt */,
				F75EE2662F436EE7009908F1 /* PluginMain.c */,
				F75EE2672F436EE7009908F1 /* ToolDescriptor.c */,
				F75EE2D32F436FA2009908F1 /* SamplePluginDyLib.hpp */,
				F75EE2D72F436FA2009908F1 /* SamplePluginDyLib.cpp */,
				F75EE2D52F436FA2009908F1 /* SamplePluginDyLibPriv.hpp */,
			);
			path = dylib;
			sourceTree = "<group>";
		};
		F75EE26B2F436EE7009908F1 /* SamplePlugin */ = {
			isa = PBXGroup;
			children = (
				F75EE2642F436EE7009908F1 /* bundle */,
				F75EE2682F436EE7009908F1 /* dylib */,
				F75EE2692F436EE7009908F1 /* CMakeLists.txt */,
				F75EE26A2F436EE7009908F1 /* ToolCapabilities.json */,
			);
			path = SamplePlugin;
			sourceTree = "<group>";
		};
		F75EE2712F436EE7009908F1 /* Scripts */ = {
			isa = PBXGroup;
			children = (
				F71170FD2F7AA79A00F39DFE /* tool_entry.js */,
				F71170DB2F7AA79A00F39DFE /* bootstrap.js */,
				F71170DC2F7AA79A00F39DFE /* checkWithXcode.js */,
				F71170DD2F7AA79A00F39DFE /* clangTools.js */,
				F71170DE2F7AA79A00F39DFE /* cmakeBuild.js */,
				F71170FF2F7AA79A00F39DFE /* fsTools.js */,
				F71170E12F7AA79A00F39DFE /* fetchPrompt.js */,
				F71170E22F7AA79A00F39DFE /* fetchResource.js */,
				F71170EA2F7AA79A00F39DFE /* httpTools.js */,
				F71170EE2F7AA79A00F39DFE /* qmakeBuild.js */,
				F71170EF2F7AA79A00F39DFE /* sharedFunctions.js */,
				F71170F02F7AA79A00F39DFE /* shellCall.js */,
				F71170FC2F7AA79A00F39DFE /* test-scripts */,
			);
			path = Scripts;
			sourceTree = "<group>";
		};
		F75EE2742F436EE7009908F1 /* ToolJSONBridge */ = {
			isa = PBXGroup;
			children = (
				F75EE2722F436EE7009908F1 /* ToolJSONBridge.h */,
				F75EE2732F436EE7009908F1 /* ToolJSONBridge.mm */,
			);
			path = ToolJSONBridge;
			sourceTree = "<group>";
		};
		F79000202FB0000000000020 /* NodeJSRuntimePlugin */ = {
			isa = PBXGroup;
			children = (
				F79000212FB0000000000021 /* bundle */,
				F79000222FB0000000000022 /* examples */,
				F79000112FB0000000000011 /* CMakeLists.txt */,
				F79000122FB0000000000012 /* README.md */,
			);
			path = NodeJSRuntimePlugin;
			sourceTree = "<group>";
		};
		F79000212FB0000000000021 /* bundle */ = {
			isa = PBXGroup;
			children = (
				F79000132FB0000000000013 /* CMakeLists.txt */,
				F79000142FB0000000000014 /* NodeJSRuntimeHandler.h */,
				F79000152FB0000000000015 /* NodeJSRuntimeHandler.mm */,
				F79000162FB0000000000016 /* PluginMain.mm */,
				F79000172FB0000000000017 /* ToolDescriptor.c */,
			);
			path = bundle;
			sourceTree = "<group>";
		};
		F79000222FB0000000000022 /* examples */ = {
			isa = PBXGroup;
			children = (
				F79000182FB0000000000018 /* echo_tool.js */,
				F79000192FB0000000000019 /* node_stdlib_tool.js */,
			);
			path = examples;
			sourceTree = "<group>";
		};
		F79100202FC0000000000020 /* PythonRuntimePlugin */ = {
			isa = PBXGroup;
			children = (
				F79100212FC0000000000021 /* bundle */,
				F79100222FC0000000000022 /* examples */,
				F79100112FC0000000000011 /* CMakeLists.txt */,
				F79100122FC0000000000012 /* README.md */,
			);
			path = PythonRuntimePlugin;
			sourceTree = "<group>";
		};
		F79100212FC0000000000021 /* bundle */ = {
			isa = PBXGroup;
			children = (
				F79100132FC0000000000013 /* CMakeLists.txt */,
				F79100142FC0000000000014 /* PythonRuntimeHandler.h */,
				F79100152FC0000000000015 /* PythonRuntimeHandler.mm */,
				F79100162FC0000000000016 /* PluginMain.mm */,
				F79100172FC0000000000017 /* ToolDescriptor.c */,
			);
			path = bundle;
			sourceTree = "<group>";
		};
		F79100222FC0000000000022 /* examples */ = {
			isa = PBXGroup;
			children = (
				F79100182FC0000000000018 /* echo_tool.py */,
				F79100192FC0000000000019 /* python_stdlib_tool.py */,
			);
			path = examples;
			sourceTree = "<group>";
		};
		F79DA29B2FDE610F003E58B8 /* Frameworks */ = {
			isa = PBXGroup;
			children = (
			);
			name = Frameworks;
			sourceTree = "<group>";
		};
/* End PBXGroup section */

/* Begin PBXHeadersBuildPhase section */
		F75EE2CD2F436FA2009908F1 /* Headers */ = {
			isa = PBXHeadersBuildPhase;
			buildActionMask = 2147483647;
			files = (
				F75EE2D42F436FA2009908F1 /* SamplePluginDyLib.hpp in Headers */,
				F75EE2D62F436FA2009908F1 /* SamplePluginDyLibPriv.hpp in Headers */,
			);
			runOnlyForDeploymentPostprocessing = 0;
		};
/* End PBXHeadersBuildPhase section */

/* Begin PBXNativeTarget section */
		F75EE1F62F436EAB009908F1 /* SamplePluginBundle */ = {
			isa = PBXNativeTarget;
			buildConfigurationList = F75EE1FB2F436EAB009908F1 /* Build configuration list for PBXNativeTarget "SamplePluginBundle" */;
			buildPhases = (
				F75EE1F32F436EAB009908F1 /* Sources */,
				F75EE1F42F436EAB009908F1 /* Frameworks */,
				F75EE1F52F436EAB009908F1 /* Resources */,
				F79DA2A02FDE610F003E58B8 /* Embed Libraries */,
			);
			buildRules = (
			);
			dependencies = (
				F79DA29A2FDE60F7003E58B8 /* PBXTargetDependency */,
				F75EE36D2F43716F009908F1 /* PBXTargetDependency */,
				F79DA29F2FDE610F003E58B8 /* PBXTargetDependency */,
			);
			name = SamplePluginBundle;
			packageProductDependencies = (
			);
			productName = ToolSDK;
			productReference = F75EE1F72F436EAB009908F1 /* SamplePluginBundle.plugin */;
			productType = "com.apple.product-type.bundle";
		};
		F75EE2D02F436FA2009908F1 /* SamplePluginDyLib */ = {
			isa = PBXNativeTarget;
			buildConfigurationList = F75EE2D92F436FA2009908F1 /* Build configuration list for PBXNativeTarget "SamplePluginDyLib" */;
			buildPhases = (
				F75EE2CD2F436FA2009908F1 /* Headers */,
				F75EE2CE2F436FA2009908F1 /* Sources */,
				F75EE2CF2F436FA2009908F1 /* Frameworks */,
			);
			buildRules = (
			);
			dependencies = (
			);
			name = SamplePluginDyLib;
			packageProductDependencies = (
			);
			productName = SamplePluginDyLib;
			productReference = F75EE2D12F436FA2009908F1 /* libSamplePluginDyLib.dylib */;
			productType = "com.apple.product-type.library.dynamic";
		};
		F79000402FB0000000000040 /* NodeJSRuntimeTool */ = {
			isa = PBXNativeTarget;
			buildConfigurationList = F79000522FB0000000000052 /* Build configuration list for PBXNativeTarget "NodeJSRuntimeTool" */;
			buildPhases = (
				F79000302FB0000000000030 /* Sources */,
				F79000312FB0000000000031 /* Frameworks */,
				F79000322FB0000000000032 /* Resources */,
			);
			buildRules = (
			);
			dependencies = (
				F79200622FD0000000000062 /* PBXTargetDependency */,
			);
			name = NodeJSRuntimeTool;
			packageProductDependencies = (
			);
			productName = NodeJSRuntimeTool;
			productReference = F79000102FB0000000000010 /* NodeJSRuntimeTool.bundle */;
			productType = "com.apple.product-type.bundle";
		};
		F79100402FC0000000000040 /* PythonRuntimeTool */ = {
			isa = PBXNativeTarget;
			buildConfigurationList = F79100522FC0000000000052 /* Build configuration list for PBXNativeTarget "PythonRuntimeTool" */;
			buildPhases = (
				F79100302FC0000000000030 /* Sources */,
				F79100312FC0000000000031 /* Frameworks */,
				F79100322FC0000000000032 /* Resources */,
			);
			buildRules = (
			);
			dependencies = (
				F79200632FD0000000000063 /* PBXTargetDependency */,
			);
			name = PythonRuntimeTool;
			packageProductDependencies = (
			);
			productName = PythonRuntimeTool;
			productReference = F79100102FC0000000000010 /* PythonRuntimeTool.bundle */;
			productType = "com.apple.product-type.bundle";
		};
		F79200402FD0000000000040 /* ToolJSONBridge */ = {
			isa = PBXNativeTarget;
			buildConfigurationList = F79200522FD0000000000052 /* Build configuration list for PBXNativeTarget "ToolJSONBridge" */;
			buildPhases = (
				F79200302FD0000000000030 /* Sources */,
				F79200312FD0000000000031 /* Frameworks */,
			);
			buildRules = (
			);
			dependencies = (
			);
			name = ToolJSONBridge;
			packageProductDependencies = (
			);
			productName = ToolJSONBridge;
			productReference = F79200102FD0000000000010 /* libToolJSONBridge.dylib */;
			productType = "com.apple.product-type.library.dynamic";
		};
/* End PBXNativeTarget section */

/* Begin PBXProject section */
		F75EE1EF2F436EAB009908F1 /* Project object */ = {
			isa = PBXProject;
			attributes = {
				BuildIndependentTargetsInParallel = 1;
				LastUpgradeCheck = 2630;
				TargetAttributes = {
					F75EE1F62F436EAB009908F1 = {
						CreatedOnToolsVersion = 26.2;
					};
					F75EE2D02F436FA2009908F1 = {
						CreatedOnToolsVersion = 26.2;
					};
					F79000402FB0000000000040 = {
						CreatedOnToolsVersion = 26.2;
					};
					F79100402FC0000000000040 = {
						CreatedOnToolsVersion = 26.2;
					};
					F79200402FD0000000000040 = {
						CreatedOnToolsVersion = 26.2;
					};
				};
			};
			buildConfigurationList = F75EE1F22F436EAB009908F1 /* Build configuration list for PBXProject "ToolSDK" */;
			developmentRegion = en;
			hasScannedForEncodings = 0;
			knownRegions = (
				en,
				Base,
			);
			mainGroup = F75EE1EE2F436EAB009908F1;
			minimizedProjectReferenceProxies = 1;
			preferredProjectObjectVersion = 77;
			productRefGroup = F75EE1F82F436EAB009908F1 /* Products */;
			projectDirPath = "";
			projectRoot = "";
			targets = (
				F79000402FB0000000000040 /* NodeJSRuntimeTool */,
				F79100402FC0000000000040 /* PythonRuntimeTool */,
				F75EE1F62F436EAB009908F1 /* SamplePluginBundle */,
				F79200402FD0000000000040 /* ToolJSONBridge */,
				F75EE2D02F436FA2009908F1 /* SamplePluginDyLib */,
			);
		};
/* End PBXProject section */

/* Begin PBXResourcesBuildPhase section */
		F75EE1F52F436EAB009908F1 /* Resources */ = {
			isa = PBXResourcesBuildPhase;
			buildActionMask = 2147483647;
			files = (
			);
			runOnlyForDeploymentPostprocessing = 0;
		};
		F79000322FB0000000000032 /* Resources */ = {
			isa = PBXResourcesBuildPhase;
			buildActionMask = 2147483647;
			files = (
			);
			runOnlyForDeploymentPostprocessing = 0;
		};
		F79100322FC0000000000032 /* Resources */ = {
			isa = PBXResourcesBuildPhase;
			buildActionMask = 2147483647;
			files = (
			);
			runOnlyForDeploymentPostprocessing = 0;
		};
/* End PBXResourcesBuildPhase section */

/* Begin PBXSourcesBuildPhase section */
		F75EE1F32F436EAB009908F1 /* Sources */ = {
			isa = PBXSourcesBuildPhase;
			buildActionMask = 2147483647;
			files = (
				F75EE2B82F436EE7009908F1 /* ToolJSONBridge.mm in Sources */,
				F75EE3732F4377C5009908F1 /* ToolEntryHandler.mm in Sources */,
				F75EE2C12F436EE7009908F1 /* PluginMain.mm in Sources */,
				F75EE2C92F436EE7009908F1 /* ToolDescriptor.c in Sources */,
			);
			runOnlyForDeploymentPostprocessing = 0;
		};
		F75EE2CE2F436FA2009908F1 /* Sources */ = {
			isa = PBXSourcesBuildPhase;
			buildActionMask = 2147483647;
			files = (
				F75EE3702F4371A2009908F1 /* ToolJSONBridge.mm in Sources */,
				F75EE36E2F43718D009908F1 /* PluginMain.c in Sources */,
				F75EE36F2F43718D009908F1 /* ToolDescriptor.c in Sources */,
				F75EE2D82F436FA2009908F1 /* SamplePluginDyLib.cpp in Sources */,
			);
			runOnlyForDeploymentPostprocessing = 0;
		};
		F79000302FB0000000000030 /* Sources */ = {
			isa = PBXSourcesBuildPhase;
			buildActionMask = 2147483647;
			files = (
				F79000042FB0000000000004 /* NodeJSRuntimeHandler.mm in Sources */,
				F79000022FB0000000000002 /* PluginMain.mm in Sources */,
				F79000032FB0000000000003 /* ToolDescriptor.c in Sources */,
			);
			runOnlyForDeploymentPostprocessing = 0;
		};
		F79100302FC0000000000030 /* Sources */ = {
			isa = PBXSourcesBuildPhase;
			buildActionMask = 2147483647;
			files = (
				F79100042FC0000000000004 /* PythonRuntimeHandler.mm in Sources */,
				F79100022FC0000000000002 /* PluginMain.mm in Sources */,
				F79100032FC0000000000003 /* ToolDescriptor.c in Sources */,
			);
			runOnlyForDeploymentPostprocessing = 0;
		};
		F79200302FD0000000000030 /* Sources */ = {
			isa = PBXSourcesBuildPhase;
			buildActionMask = 2147483647;
			files = (
				F79200012FD0000000000001 /* ToolJSONBridge.mm in Sources */,
			);
			runOnlyForDeploymentPostprocessing = 0;
		};
/* End PBXSourcesBuildPhase section */

/* Begin PBXTargetDependency section */
		F75EE36D2F43716F009908F1 /* PBXTargetDependency */ = {
			isa = PBXTargetDependency;
			target = F75EE2D02F436FA2009908F1 /* SamplePluginDyLib */;
			targetProxy = F75EE36C2F43716F009908F1 /* PBXContainerItemProxy */;
		};
		F79200622FD0000000000062 /* PBXTargetDependency */ = {
			isa = PBXTargetDependency;
			target = F79200402FD0000000000040 /* ToolJSONBridge */;
			targetProxy = F79200602FD0000000000060 /* PBXContainerItemProxy */;
		};
		F79200632FD0000000000063 /* PBXTargetDependency */ = {
			isa = PBXTargetDependency;
			target = F79200402FD0000000000040 /* ToolJSONBridge */;
			targetProxy = F79200612FD0000000000061 /* PBXContainerItemProxy */;
		};
		F79DA29A2FDE60F7003E58B8 /* PBXTargetDependency */ = {
			isa = PBXTargetDependency;
			target = F79200402FD0000000000040 /* ToolJSONBridge */;
			targetProxy = F79DA2992FDE60F7003E58B8 /* PBXContainerItemProxy */;
		};
		F79DA29F2FDE610F003E58B8 /* PBXTargetDependency */ = {
			isa = PBXTargetDependency;
			target = F79200402FD0000000000040 /* ToolJSONBridge */;
			targetProxy = F79DA29E2FDE610F003E58B8 /* PBXContainerItemProxy */;
		};
/* End PBXTargetDependency section */

/* Begin XCBuildConfiguration section */
		F75EE1F92F436EAB009908F1 /* Debug */ = {
			isa = XCBuildConfiguration;
			buildSettings = {
				ALWAYS_SEARCH_USER_PATHS = NO;
				ASSETCATALOG_COMPILER_GENERATE_SWIFT_ASSET_SYMBOL_EXTENSIONS = YES;
				CLANG_ANALYZER_NONNULL = YES;
				CLANG_ANALYZER_NUMBER_OBJECT_CONVERSION = YES_AGGRESSIVE;
				CLANG_CXX_LANGUAGE_STANDARD = "gnu++20";
				CLANG_ENABLE_MODULES = YES;
				CLANG_ENABLE_OBJC_ARC = YES;
				CLANG_ENABLE_OBJC_WEAK = YES;
				CLANG_WARN_BLOCK_CAPTURE_AUTORELEASING = YES;
				CLANG_WARN_BOOL_CONVERSION = YES;
				CLANG_WARN_COMMA = YES;
				CLANG_WARN_CONSTANT_CONVERSION = YES;
				CLANG_WARN_DEPRECATED_OBJC_IMPLEMENTATIONS = YES;
				CLANG_WARN_DIRECT_OBJC_ISA_USAGE = YES_ERROR;
				CLANG_WARN_DOCUMENTATION_COMMENTS = YES;
				CLANG_WARN_EMPTY_BODY = YES;
				CLANG_WARN_ENUM_CONVERSION = YES;
				CLANG_WARN_INFINITE_RECURSION = YES;
				CLANG_WARN_INT_CONVERSION = YES;
				CLANG_WARN_NON_LITERAL_NULL_CONVERSION = YES;
				CLANG_WARN_OBJC_IMPLICIT_RETAIN_SELF = YES;
				CLANG_WARN_OBJC_LITERAL_CONVERSION = YES;
				CLANG_WARN_OBJC_ROOT_CLASS = YES_ERROR;
				CLANG_WARN_QUOTED_INCLUDE_IN_FRAMEWORK_HEADER = YES;
				CLANG_WARN_RANGE_LOOP_ANALYSIS = YES;
				CLANG_WARN_STRICT_PROTOTYPES = YES;
				CLANG_WARN_SUSPICIOUS_MOVE = YES;
				CLANG_WARN_UNGUARDED_AVAILABILITY = YES_AGGRESSIVE;
				CLANG_WARN_UNREACHABLE_CODE = YES;
				CLANG_WARN__DUPLICATE_METHOD_MATCH = YES;
				COPY_PHASE_STRIP = NO;
				DEAD_CODE_STRIPPING = YES;
				DEBUG_INFORMATION_FORMAT = dwarf;
				DEVELOPMENT_TEAM = 83NQU389JN;
				ENABLE_STRICT_OBJC_MSGSEND = YES;
				ENABLE_TESTABILITY = YES;
				ENABLE_USER_SCRIPT_SANDBOXING = YES;
				GCC_C_LANGUAGE_STANDARD = gnu17;
				GCC_DYNAMIC_NO_PIC = NO;
				GCC_NO_COMMON_BLOCKS = YES;
				GCC_OPTIMIZATION_LEVEL = 0;
				GCC_PREPROCESSOR_DEFINITIONS = (
					"DEBUG=1",
					"$(inherited)",
				);
				GCC_WARN_64_TO_32_BIT_CONVERSION = YES;
				GCC_WARN_ABOUT_RETURN_TYPE = YES_ERROR;
				GCC_WARN_UNDECLARED_SELECTOR = YES;
				GCC_WARN_UNINITIALIZED_AUTOS = YES_AGGRESSIVE;
				GCC_WARN_UNUSED_FUNCTION = YES;
				GCC_WARN_UNUSED_VARIABLE = YES;
				LOCALIZATION_PREFERS_STRING_CATALOGS = YES;
				MACOSX_DEPLOYMENT_TARGET = 15.7;
				MTL_ENABLE_DEBUG_INFO = INCLUDE_SOURCE;
				MTL_FAST_MATH = YES;
				ONLY_ACTIVE_ARCH = YES;
				SDKROOT = macosx;
				STRING_CATALOG_GENERATE_SYMBOLS = YES;
			};
			name = Debug;
		};
		F75EE1FA2F436EAB009908F1 /* Release */ = {
			isa = XCBuildConfiguration;
			buildSettings = {
				ALWAYS_SEARCH_USER_PATHS = NO;
				ASSETCATALOG_COMPILER_GENERATE_SWIFT_ASSET_SYMBOL_EXTENSIONS = YES;
				CLANG_ANALYZER_NONNULL = YES;
				CLANG_ANALYZER_NUMBER_OBJECT_CONVERSION = YES_AGGRESSIVE;
				CLANG_CXX_LANGUAGE_STANDARD = "gnu++20";
				CLANG_ENABLE_MODULES = YES;
				CLANG_ENABLE_OBJC_ARC = YES;
				CLANG_ENABLE_OBJC_WEAK = YES;
				CLANG_WARN_BLOCK_CAPTURE_AUTORELEASING = YES;
				CLANG_WARN_BOOL_CONVERSION = YES;
				CLANG_WARN_COMMA = YES;
				CLANG_WARN_CONSTANT_CONVERSION = YES;
				CLANG_WARN_DEPRECATED_OBJC_IMPLEMENTATIONS = YES;
				CLANG_WARN_DIRECT_OBJC_ISA_USAGE = YES_ERROR;
				CLANG_WARN_DOCUMENTATION_COMMENTS = YES;
				CLANG_WARN_EMPTY_BODY = YES;
				CLANG_WARN_ENUM_CONVERSION = YES;
				CLANG_WARN_INFINITE_RECURSION = YES;
				CLANG_WARN_INT_CONVERSION = YES;
				CLANG_WARN_NON_LITERAL_NULL_CONVERSION = YES;
				CLANG_WARN_OBJC_IMPLICIT_RETAIN_SELF = YES;
				CLANG_WARN_OBJC_LITERAL_CONVERSION = YES;
				CLANG_WARN_OBJC_ROOT_CLASS = YES_ERROR;
				CLANG_WARN_QUOTED_INCLUDE_IN_FRAMEWORK_HEADER = YES;
				CLANG_WARN_RANGE_LOOP_ANALYSIS = YES;
				CLANG_WARN_STRICT_PROTOTYPES = YES;
				CLANG_WARN_SUSPICIOUS_MOVE = YES;
				CLANG_WARN_UNGUARDED_AVAILABILITY = YES_AGGRESSIVE;
				CLANG_WARN_UNREACHABLE_CODE = YES;
				CLANG_WARN__DUPLICATE_METHOD_MATCH = YES;
				COPY_PHASE_STRIP = NO;
				DEAD_CODE_STRIPPING = YES;
				DEBUG_INFORMATION_FORMAT = "dwarf-with-dsym";
				DEVELOPMENT_TEAM = 83NQU389JN;
				ENABLE_NS_ASSERTIONS = NO;
				ENABLE_STRICT_OBJC_MSGSEND = YES;
				ENABLE_USER_SCRIPT_SANDBOXING = YES;
				GCC_C_LANGUAGE_STANDARD = gnu17;
				GCC_NO_COMMON_BLOCKS = YES;
				GCC_WARN_64_TO_32_BIT_CONVERSION = YES;
				GCC_WARN_ABOUT_RETURN_TYPE = YES_ERROR;
				GCC_WARN_UNDECLARED_SELECTOR = YES;
				GCC_WARN_UNINITIALIZED_AUTOS = YES_AGGRESSIVE;
				GCC_WARN_UNUSED_FUNCTION = YES;
				GCC_WARN_UNUSED_VARIABLE = YES;
				LOCALIZATION_PREFERS_STRING_CATALOGS = YES;
				MACOSX_DEPLOYMENT_TARGET = 15.7;
				MTL_ENABLE_DEBUG_INFO = NO;
				MTL_FAST_MATH = YES;
				SDKROOT = macosx;
				STRING_CATALOG_GENERATE_SYMBOLS = YES;
			};
			name = Release;
		};
		F75EE1FC2F436EAB009908F1 /* Debug */ = {
			isa = XCBuildConfiguration;
			buildSettings = {
				"CODE_SIGN_IDENTITY[sdk=macosx*]" = "-";
				CODE_SIGN_STYLE = Automatic;
				COMBINE_HIDPI_IMAGES = YES;
				CURRENT_PROJECT_VERSION = 1;
				DEAD_CODE_STRIPPING = YES;
				DEVELOPMENT_TEAM = 83NQU389JN;
				GENERATE_INFOPLIST_FILE = YES;
				INFOPLIST_KEY_CFBundleDisplayName = "EoF MCP Studio - Sample Plugin";
				INFOPLIST_KEY_NSHumanReadableCopyright = "";
				INFOPLIST_KEY_NSPrincipalClass = "";
				INSTALL_PATH = "$(LOCAL_LIBRARY_DIR)/Bundles";
				MARKETING_VERSION = 1.0;
				OTHER_CFLAGS = "-DTOOL_BUNDLE";
				PRODUCT_BUNDLE_IDENTIFIER = org.eof.tools.mcpstudio.ToolSDK.SamplePlugin;
				PRODUCT_NAME = "$(TARGET_NAME)";
				RUNTIME_EXCEPTION_ALLOW_DYLD_ENVIRONMENT_VARIABLES = YES;
				SKIP_INSTALL = YES;
				STRING_CATALOG_GENERATE_SYMBOLS = YES;
				SWIFT_EMIT_LOC_STRINGS = YES;
				WRAPPER_EXTENSION = plugin;
			};
			name = Debug;
		};
		F75EE1FD2F436EAB009908F1 /* Release */ = {
			isa = XCBuildConfiguration;
			buildSettings = {
				"CODE_SIGN_IDENTITY[sdk=macosx*]" = "-";
				CODE_SIGN_STYLE = Automatic;
				COMBINE_HIDPI_IMAGES = YES;
				CURRENT_PROJECT_VERSION = 1;
				DEAD_CODE_STRIPPING = YES;
				DEVELOPMENT_TEAM = 83NQU389JN;
				GENERATE_INFOPLIST_FILE = YES;
				INFOPLIST_KEY_CFBundleDisplayName = "EoF MCP Studio - Sample Plugin";
				INFOPLIST_KEY_NSHumanReadableCopyright = "";
				INFOPLIST_KEY_NSPrincipalClass = "";
				INSTALL_PATH = "$(LOCAL_LIBRARY_DIR)/Bundles";
				MARKETING_VERSION = 1.0;
				OTHER_CFLAGS = "-DTOOL_BUNDLE";
				PRODUCT_BUNDLE_IDENTIFIER = org.eof.tools.mcpstudio.ToolSDK.SamplePlugin;
				PRODUCT_NAME = "$(TARGET_NAME)";
				RUNTIME_EXCEPTION_ALLOW_DYLD_ENVIRONMENT_VARIABLES = YES;
				SKIP_INSTALL = YES;
				STRING_CATALOG_GENERATE_SYMBOLS = YES;
				SWIFT_EMIT_LOC_STRINGS = YES;
				WRAPPER_EXTENSION = plugin;
			};
			name = Release;
		};
		F75EE2DA2F436FA2009908F1 /* Debug */ = {
			isa = XCBuildConfiguration;
			buildSettings = {
				CODE_SIGN_STYLE = Automatic;
				DEAD_CODE_STRIPPING = YES;
				DEVELOPMENT_TEAM = 83NQU389JN;
				DYLIB_COMPATIBILITY_VERSION = 1;
				DYLIB_CURRENT_VERSION = 1;
				EXECUTABLE_PREFIX = lib;
				GCC_ENABLE_CPP_EXCEPTIONS = YES;
				GCC_ENABLE_CPP_RTTI = YES;
				GCC_SYMBOLS_PRIVATE_EXTERN = YES;
				OTHER_CFLAGS = "-DTOOL_DYLIB";
				PRODUCT_NAME = "$(TARGET_NAME)";
				SKIP_INSTALL = YES;
			};
			name = Debug;
		};
		F75EE2DB2F436FA2009908F1 /* Release */ = {
			isa = XCBuildConfiguration;
			buildSettings = {
				CODE_SIGN_STYLE = Automatic;
				DEAD_CODE_STRIPPING = YES;
				DEVELOPMENT_TEAM = 83NQU389JN;
				DYLIB_COMPATIBILITY_VERSION = 1;
				DYLIB_CURRENT_VERSION = 1;
				EXECUTABLE_PREFIX = lib;
				GCC_ENABLE_CPP_EXCEPTIONS = YES;
				GCC_ENABLE_CPP_RTTI = YES;
				GCC_SYMBOLS_PRIVATE_EXTERN = YES;
				OTHER_CFLAGS = "-DTOOL_DYLIB";
				PRODUCT_NAME = "$(TARGET_NAME)";
				SKIP_INSTALL = YES;
			};
			name = Release;
		};
		F79000502FB0000000000050 /* Debug */ = {
			isa = XCBuildConfiguration;
			buildSettings = {
				"CODE_SIGN_IDENTITY[sdk=macosx*]" = "-";
				CODE_SIGN_STYLE = Automatic;
				COMBINE_HIDPI_IMAGES = YES;
				CURRENT_PROJECT_VERSION = 1;
				DEAD_CODE_STRIPPING = YES;
				DEVELOPMENT_TEAM = 83NQU389JN;
				GENERATE_INFOPLIST_FILE = YES;
				HEADER_SEARCH_PATHS = (
					"$(SRCROOT)/include",
					"$(SRCROOT)/ToolJSONBridge",
					"$(SRCROOT)/NodeJSRuntimePlugin/bundle",
				);
				INFOPLIST_KEY_CFBundleDisplayName = "EoF MCP Studio - NodeJS Runtime Tool";
				INFOPLIST_KEY_NSHumanReadableCopyright = "";
				INFOPLIST_KEY_NSPrincipalClass = "";
				INSTALL_PATH = "$(LOCAL_LIBRARY_DIR)/Bundles";
				LD_RUNPATH_SEARCH_PATHS = (
					"@executable_path/../Resources/Bundles",
					"@loader_path/../../..",
				);
				MARKETING_VERSION = 1.0;
				OTHER_CFLAGS = "-DTOOL_BUNDLE";
				PRODUCT_BUNDLE_IDENTIFIER = org.eof.tools.mcpstudio.ToolSDK.NodeJSRuntimeTool;
				PRODUCT_NAME = NodeJSRuntimeTool;
				RUNTIME_EXCEPTION_ALLOW_DYLD_ENVIRONMENT_VARIABLES = YES;
				SKIP_INSTALL = YES;
				STRING_CATALOG_GENERATE_SYMBOLS = YES;
				SWIFT_EMIT_LOC_STRINGS = YES;
				WRAPPER_EXTENSION = bundle;
			};
			name = Debug;
		};
		F79000512FB0000000000051 /* Release */ = {
			isa = XCBuildConfiguration;
			buildSettings = {
				"CODE_SIGN_IDENTITY[sdk=macosx*]" = "-";
				CODE_SIGN_STYLE = Automatic;
				COMBINE_HIDPI_IMAGES = YES;
				CURRENT_PROJECT_VERSION = 1;
				DEAD_CODE_STRIPPING = YES;
				DEVELOPMENT_TEAM = 83NQU389JN;
				GENERATE_INFOPLIST_FILE = YES;
				HEADER_SEARCH_PATHS = (
					"$(SRCROOT)/include",
					"$(SRCROOT)/ToolJSONBridge",
					"$(SRCROOT)/NodeJSRuntimePlugin/bundle",
				);
				INFOPLIST_KEY_CFBundleDisplayName = "EoF MCP Studio - NodeJS Runtime Tool";
				INFOPLIST_KEY_NSHumanReadableCopyright = "";
				INFOPLIST_KEY_NSPrincipalClass = "";
				INSTALL_PATH = "$(LOCAL_LIBRARY_DIR)/Bundles";
				LD_RUNPATH_SEARCH_PATHS = (
					"@executable_path/../Resources/Bundles",
					"@loader_path/../../..",
				);
				MARKETING_VERSION = 1.0;
				OTHER_CFLAGS = "-DTOOL_BUNDLE";
				PRODUCT_BUNDLE_IDENTIFIER = org.eof.tools.mcpstudio.ToolSDK.NodeJSRuntimeTool;
				PRODUCT_NAME = NodeJSRuntimeTool;
				RUNTIME_EXCEPTION_ALLOW_DYLD_ENVIRONMENT_VARIABLES = YES;
				SKIP_INSTALL = YES;
				STRING_CATALOG_GENERATE_SYMBOLS = YES;
				SWIFT_EMIT_LOC_STRINGS = YES;
				WRAPPER_EXTENSION = bundle;
			};
			name = Release;
		};
		F79100502FC0000000000050 /* Debug */ = {
			isa = XCBuildConfiguration;
			buildSettings = {
				"CODE_SIGN_IDENTITY[sdk=macosx*]" = "-";
				CODE_SIGN_STYLE = Automatic;
				COMBINE_HIDPI_IMAGES = YES;
				CURRENT_PROJECT_VERSION = 1;
				DEAD_CODE_STRIPPING = YES;
				DEVELOPMENT_TEAM = 83NQU389JN;
				GENERATE_INFOPLIST_FILE = YES;
				HEADER_SEARCH_PATHS = (
					"$(SRCROOT)/include",
					"$(SRCROOT)/ToolJSONBridge",
					"$(SRCROOT)/PythonRuntimePlugin/bundle",
				);
				INFOPLIST_KEY_CFBundleDisplayName = "EoF MCP Studio - Python Runtime Tool";
				INFOPLIST_KEY_NSHumanReadableCopyright = "";
				INFOPLIST_KEY_NSPrincipalClass = "";
				INSTALL_PATH = "$(LOCAL_LIBRARY_DIR)/Bundles";
				LD_RUNPATH_SEARCH_PATHS = (
					"@executable_path/../Resources/Bundles",
					"@loader_path/../../..",
				);
				MARKETING_VERSION = 1.0;
				OTHER_CFLAGS = "-DTOOL_BUNDLE";
				PRODUCT_BUNDLE_IDENTIFIER = org.eof.tools.mcpstudio.ToolSDK.PythonRuntimeTool;
				PRODUCT_NAME = PythonRuntimeTool;
				RUNTIME_EXCEPTION_ALLOW_DYLD_ENVIRONMENT_VARIABLES = YES;
				SKIP_INSTALL = YES;
				STRING_CATALOG_GENERATE_SYMBOLS = YES;
				SWIFT_EMIT_LOC_STRINGS = YES;
				WRAPPER_EXTENSION = bundle;
			};
			name = Debug;
		};
		F79100512FC0000000000051 /* Release */ = {
			isa = XCBuildConfiguration;
			buildSettings = {
				"CODE_SIGN_IDENTITY[sdk=macosx*]" = "-";
				CODE_SIGN_STYLE = Automatic;
				COMBINE_HIDPI_IMAGES = YES;
				CURRENT_PROJECT_VERSION = 1;
				DEAD_CODE_STRIPPING = YES;
				DEVELOPMENT_TEAM = 83NQU389JN;
				GENERATE_INFOPLIST_FILE = YES;
				HEADER_SEARCH_PATHS = (
					"$(SRCROOT)/include",
					"$(SRCROOT)/ToolJSONBridge",
					"$(SRCROOT)/PythonRuntimePlugin/bundle",
				);
				INFOPLIST_KEY_CFBundleDisplayName = "EoF MCP Studio - Python Runtime Tool";
				INFOPLIST_KEY_NSHumanReadableCopyright = "";
				INFOPLIST_KEY_NSPrincipalClass = "";
				INSTALL_PATH = "$(LOCAL_LIBRARY_DIR)/Bundles";
				LD_RUNPATH_SEARCH_PATHS = (
					"@executable_path/../Resources/Bundles",
					"@loader_path/../../..",
				);
				MARKETING_VERSION = 1.0;
				OTHER_CFLAGS = "-DTOOL_BUNDLE";
				PRODUCT_BUNDLE_IDENTIFIER = org.eof.tools.mcpstudio.ToolSDK.PythonRuntimeTool;
				PRODUCT_NAME = PythonRuntimeTool;
				RUNTIME_EXCEPTION_ALLOW_DYLD_ENVIRONMENT_VARIABLES = YES;
				SKIP_INSTALL = YES;
				STRING_CATALOG_GENERATE_SYMBOLS = YES;
				SWIFT_EMIT_LOC_STRINGS = YES;
				WRAPPER_EXTENSION = bundle;
			};
			name = Release;
		};
		F79200502FD0000000000050 /* Debug */ = {
			isa = XCBuildConfiguration;
			buildSettings = {
				CODE_SIGN_STYLE = Automatic;
				DEAD_CODE_STRIPPING = YES;
				DEVELOPMENT_TEAM = 83NQU389JN;
				DYLIB_COMPATIBILITY_VERSION = 1;
				DYLIB_CURRENT_VERSION = 1;
				EXECUTABLE_PREFIX = lib;
				GCC_SYMBOLS_PRIVATE_EXTERN = YES;
				LD_DYLIB_INSTALL_NAME = "@rpath/libToolJSONBridge.dylib";
				MACH_O_TYPE = mh_dylib;
				MARKETING_VERSION = 1.0;
				OTHER_LDFLAGS = (
					"-framework",
					Foundation,
				);
				PRODUCT_BUNDLE_IDENTIFIER = org.eof.tools.mcpstudio.ToolSDK.ToolJSONBridge;
				PRODUCT_NAME = ToolJSONBridge;
				SKIP_INSTALL = YES;
			};
			name = Debug;
		};
		F79200512FD0000000000051 /* Release */ = {
			isa = XCBuildConfiguration;
			buildSettings = {
				CODE_SIGN_STYLE = Automatic;
				DEAD_CODE_STRIPPING = YES;
				DEVELOPMENT_TEAM = 83NQU389JN;
				DYLIB_COMPATIBILITY_VERSION = 1;
				DYLIB_CURRENT_VERSION = 1;
				EXECUTABLE_PREFIX = lib;
				GCC_SYMBOLS_PRIVATE_EXTERN = YES;
				LD_DYLIB_INSTALL_NAME = "@rpath/libToolJSONBridge.dylib";
				MACH_O_TYPE = mh_dylib;
				MARKETING_VERSION = 1.0;
				OTHER_LDFLAGS = (
					"-framework",
					Foundation,
				);
				PRODUCT_BUNDLE_IDENTIFIER = org.eof.tools.mcpstudio.ToolSDK.ToolJSONBridge;
				PRODUCT_NAME = ToolJSONBridge;
				SKIP_INSTALL = YES;
			};
			name = Release;
		};
/* End XCBuildConfiguration section */

/* Begin XCConfigurationList section */
		F75EE1F22F436EAB009908F1 /* Build configuration list for PBXProject "ToolSDK" */ = {
			isa = XCConfigurationList;
			buildConfigurations = (
				F75EE1F92F436EAB009908F1 /* Debug */,
				F75EE1FA2F436EAB009908F1 /* Release */,
			);
			defaultConfigurationIsVisible = 0;
			defaultConfigurationName = Release;
		};
		F75EE1FB2F436EAB009908F1 /* Build configuration list for PBXNativeTarget "SamplePluginBundle" */ = {
			isa = XCConfigurationList;
			buildConfigurations = (
				F75EE1FC2F436EAB009908F1 /* Debug */,
				F75EE1FD2F436EAB009908F1 /* Release */,
			);
			defaultConfigurationIsVisible = 0;
			defaultConfigurationName = Release;
		};
		F75EE2D92F436FA2009908F1 /* Build configuration list for PBXNativeTarget "SamplePluginDyLib" */ = {
			isa = XCConfigurationList;
			buildConfigurations = (
				F75EE2DA2F436FA2009908F1 /* Debug */,
				F75EE2DB2F436FA2009908F1 /* Release */,
			);
			defaultConfigurationIsVisible = 0;
			defaultConfigurationName = Release;
		};
		F79000522FB0000000000052 /* Build configuration list for PBXNativeTarget "NodeJSRuntimeTool" */ = {
			isa = XCConfigurationList;
			buildConfigurations = (
				F79000502FB0000000000050 /* Debug */,
				F79000512FB0000000000051 /* Release */,
			);
			defaultConfigurationIsVisible = 0;
			defaultConfigurationName = Release;
		};
		F79100522FC0000000000052 /* Build configuration list for PBXNativeTarget "PythonRuntimeTool" */ = {
			isa = XCConfigurationList;
			buildConfigurations = (
				F79100502FC0000000000050 /* Debug */,
				F79100512FC0000000000051 /* Release */,
			);
			defaultConfigurationIsVisible = 0;
			defaultConfigurationName = Release;
		};
		F79200522FD0000000000052 /* Build configuration list for PBXNativeTarget "ToolJSONBridge" */ = {
			isa = XCConfigurationList;
			buildConfigurations = (
				F79200502FD0000000000050 /* Debug */,
				F79200512FD0000000000051 /* Release */,
			);
			defaultConfigurationIsVisible = 0;
			defaultConfigurationName = Release;
		};
/* End XCConfigurationList section */
	};
	rootObject = F75EE1EF2F436EAB009908F1 /* Project object */;
}
